
Microsoft Visual Studio Solution File, Format Version 12.00
# Visual Studio Version 17
VisualStudioVersion = 17.0.31903.59
MinimumVisualStudioVersion = 10.0.40219.1
Project("{FAE04EC0-301F-11D3-BF4B-00C04F79EFBC}") = "WebApiUI", "WebApiUI\WebApiUI.csproj", "{8787687B-0BDC-4E71-AC61-F4E0DFC7E745}"
EndProject
Project("{FAE04EC0-301F-11D3-BF4B-00C04F79EFBC}") = "Entities", "Entities\Entities.csproj", "{C83E15DC-DE74-4BA2-9A21-C92E198477B6}"
EndProject
Project("{FAE04EC0-301F-11D3-BF4B-00C04F79EFBC}") = "Repositories", "Repositories\Repositories.csproj", "{EA968F9E-F14E-4F9D-91B0-3E3DE7D6A395}"
EndProject
Global
	GlobalSection(SolutionConfigurationPlatforms) = preSolution
		Debug|Any CPU = Debug|Any CPU
		Release|Any CPU = Release|Any CPU
	EndGlobalSection
	GlobalSection(SolutionProperties) = preSolution
		HideSolutionNode = FALSE
	EndGlobalSection
	GlobalSection(ProjectConfigurationPlatforms) = postSolution
		{8787687B-0BDC-4E71-AC61-F4E0DFC7E745}.Debug|Any CPU.ActiveCfg = Debug|Any CPU
		{8787687B-0BDC-4E71-AC61-F4E0DFC7E745}.Debug|Any CPU.Build.0 = Debug|Any CPU
		{8787687B-0BDC-4E71-AC61-F4E0DFC7E745}.Release|Any CPU.ActiveCfg = Release|Any CPU
		{8787687B-0BDC-4E71-AC61-F4E0DFC7E745}.Release|Any CPU.Build.0 = Release|Any CPU
		{C83E15DC-DE74-4BA2-9A21-C92E198477B6}.Debug|Any CPU.ActiveCfg = Debug|Any CPU
		{C83E15DC-DE74-4BA2-9A21-C92E198477B6}.Debug|Any CPU.Build.0 = Debug|Any CPU
		{C83E15DC-DE74-4BA2-9A21-C92E198477B6}.Release|Any CPU.ActiveCfg = Release|Any CPU
		{C83E15DC-DE74-4BA2-9A21-C92E198477B6}.Release|Any CPU.Build.0 = Release|Any CPU
		{EA968F9E-F14E-4F9D-91B0-3E3DE7D6A395}.Debug|Any CPU.ActiveCfg = Debug|Any CPU
		{EA968F9E-F14E-4F9D-91B0-3E3DE7D6A395}.Debug|Any CPU.Build.0 = Debug|Any CPU
		{EA968F9E-F14E-4F9D-91B0-3E3DE7D6A395}.Release|Any CPU.ActiveCfg = Release|Any CPU
		{EA968F9E-F14E-4F9D-91B0-3E3DE7D6A395}.Release|Any CPU.Build.0 = Release|Any CPU
	EndGlobalSection
EndGlobal
